
Microsoft Visual Studio Solution File, Format Version 12.00
# Visual Studio Version 17
VisualStudioVersion = 17.1.32421.90
MinimumVisualStudioVersion = 10.0.40219.1
Project("{FAE04EC0-301F-11D3-BF4B-00C04F79EFBC}") = "QTodo", "QTodo\QTodo.csproj", "{D399D977-7A8E-444B-AFFC-1B335C3E08FD}"
EndProject
Project("{FAE04EC0-301F-11D3-BF4B-00C04F79EFBC}") = "QTodoSpecs", "QTodoSpecs\QTodoSpecs.csproj", "{91CAAB5A-200A-4705-A760-5603B5F61C0A}"
EndProject
Global
	GlobalSection(SolutionConfigurationPlatforms) = preSolution
		Debug|Any CPU = Debug|Any CPU
		Release|Any CPU = Release|Any CPU
	EndGlobalSection
	GlobalSection(ProjectConfigurationPlatforms) = postSolution
		{D399D977-7A8E-444B-AFFC-1B335C3E08FD}.Debug|Any CPU.ActiveCfg = Debug|Any CPU
		{D399D977-7A8E-444B-AFFC-1B335C3E08FD}.Debug|Any CPU.Build.0 = Debug|Any CPU
		{D399D977-7A8E-444B-AFFC-1B335C3E08FD}.Release|Any CPU.ActiveCfg = Release|Any CPU
		{D399D977-7A8E-444B-AFFC-1B335C3E08FD}.Release|Any CPU.Build.0 = Release|Any CPU
		{91CAAB5A-200A-4705-A760-5603B5F61C0A}.Debug|Any CPU.ActiveCfg = Debug|Any CPU
		{91CAAB5A-200A-4705-A760-5603B5F61C0A}.Debug|Any CPU.Build.0 = Debug|Any CPU
		{91CAAB5A-200A-4705-A760-5603B5F61C0A}.Release|Any CPU.ActiveCfg = Release|Any CPU
		{91CAAB5A-200A-4705-A760-5603B5F61C0A}.Release|Any CPU.Build.0 = Release|Any CPU
	EndGlobalSection
	GlobalSection(SolutionProperties) = preSolution
		HideSolutionNode = FALSE
	EndGlobalSection
	GlobalSection(ExtensibilityGlobals) = postSolution
		SolutionGuid = {173206CC-3843-42C5-9F21-C1FDFB409000}
	EndGlobalSection
EndGlobal
